// !$*UTF8*$!
{
	archiveVersion = 1;
	classes = {
	};
	objectVersion = 46;
	objects = {

/* Begin PBXBuildFile section */
		390453D11AA8761500BE8738 /* NSDictionary+JSONReturnValues.m in Sources */ = {isa = PBXBuildFile; fileRef = 390453D01AA8761500BE8738 /* NSDictionary+JSONReturnValues.m */; };
		391F9E6B1AA84C9500E0A909 /* SearchFeedsTableViewController.m in Sources */ = {isa = PBXBuildFile; fileRef = 391F9E6A1AA84C9500E0A909 /* SearchFeedsTableViewController.m */; };
		392FD3751A9C248700EA55B2 /* StoryDetailViewController.m in Sources */ = {isa = PBXBuildFile; fileRef = 392FD3741A9C248700EA55B2 /* StoryDetailViewController.m */; };
		395BCA5C1AEBB7E10097A926 /* CopyConnection.framework in Frameworks */ = {isa = PBXBuildFile; fileRef = 395BCA3F1AEBB7E10097A926 /* CopyConnection.framework */; };
		395BCA5D1AEBB7E10097A926 /* QQConnection.framework in Frameworks */ = {isa = PBXBuildFile; fileRef = 395BCA401AEBB7E10097A926 /* QQConnection.framework */; };
		395BCA5E1AEBB7E10097A926 /* QZoneConnection.framework in Frameworks */ = {isa = PBXBuildFile; fileRef = 395BCA411AEBB7E10097A926 /* QZoneConnection.framework */; };
		395BCA5F1AEBB7E10097A926 /* SinaWeiboConnection.framework in Frameworks */ = {isa = PBXBuildFile; fileRef = 395BCA421AEBB7E10097A926 /* SinaWeiboConnection.framework */; };
		395BCA601AEBB7E10097A926 /* WeChatConnection.framework in Frameworks */ = {isa = PBXBuildFile; fileRef = 395BCA431AEBB7E10097A926 /* WeChatConnection.framework */; };
		395BCA611AEBB7E10097A926 /* AGCommon.framework in Frameworks */ = {isa = PBXBuildFile; fileRef = 395BCA451AEBB7E10097A926 /* AGCommon.framework */; };
		395BCA621AEBB7E10097A926 /* ShareSDKLocalizable.strings in Resources */ = {isa = PBXBuildFile; fileRef = 395BCA461AEBB7E10097A926 /* ShareSDKLocalizable.strings */; };
		395BCA631AEBB7E10097A926 /* Resource.bundle in Resources */ = {isa = PBXBuildFile; fileRef = 395BCA481AEBB7E10097A926 /* Resource.bundle */; };
		395BCA641AEBB7E10097A926 /* ShareSDKCoreService.framework in Frameworks */ = {isa = PBXBuildFile; fileRef = 395BCA491AEBB7E10097A926 /* ShareSDKCoreService.framework */; };
		395BCA651AEBB7E10097A926 /* TencentOpenAPI.framework in Frameworks */ = {isa = PBXBuildFile; fileRef = 395BCA4D1AEBB7E10097A926 /* TencentOpenAPI.framework */; };
		395BCA661AEBB7E10097A926 /* TencentOpenApi_IOS_Bundle.bundle in Resources */ = {isa = PBXBuildFile; fileRef = 395BCA4E1AEBB7E10097A926 /* TencentOpenApi_IOS_Bundle.bundle */; };
		395BCA671AEBB7E10097A926 /* libWeiboSDK.a in Frameworks */ = {isa = PBXBuildFile; fileRef = 395BCA501AEBB7E10097A926 /* libWeiboSDK.a */; };
		395BCA681AEBB7E10097A926 /* WeiboSDK.bundle in Resources */ = {isa = PBXBuildFile; fileRef = 395BCA511AEBB7E10097A926 /* WeiboSDK.bundle */; };
		395BCA691AEBB7E10097A926 /* libWeChatSDK.a in Frameworks */ = {isa = PBXBuildFile; fileRef = 395BCA541AEBB7E10097A926 /* libWeChatSDK.a */; };
		395BCA6A1AEBB7E10097A926 /* ShareSDK.framework in Frameworks */ = {isa = PBXBuildFile; fileRef = 395BCA571AEBB7E10097A926 /* ShareSDK.framework */; };
		395BCA6B1AEBB7E10097A926 /* ShareSDKFlatShareViewUI.bundle in Resources */ = {isa = PBXBuildFile; fileRef = 395BCA591AEBB7E10097A926 /* ShareSDKFlatShareViewUI.bundle */; };
		395BCA6C1AEBB7E10097A926 /* ShareSDKFlatShareViewUI.framework in Frameworks */ = {isa = PBXBuildFile; fileRef = 395BCA5A1AEBB7E10097A926 /* ShareSDKFlatShareViewUI.framework */; };
		395BCA6D1AEBB7E10097A926 /* ShareSDKShareActionSheet.framework in Frameworks */ = {isa = PBXBuildFile; fileRef = 395BCA5B1AEBB7E10097A926 /* ShareSDKShareActionSheet.framework */; };
		395BCA6F1AEBB8620097A926 /* SystemConfiguration.framework in Frameworks */ = {isa = PBXBuildFile; fileRef = 395BCA6E1AEBB8620097A926 /* SystemConfiguration.framework */; };
		395BCA711AEBB86D0097A926 /* QuartzCore.framework in Frameworks */ = {isa = PBXBuildFile; fileRef = 395BCA701AEBB86D0097A926 /* QuartzCore.framework */; };
		395BCA731AEBB8780097A926 /* CoreTelephony.framework in Frameworks */ = {isa = PBXBuildFile; fileRef = 395BCA721AEBB8780097A926 /* CoreTelephony.framework */; };
		395BCA751AEBB8840097A926 /* libicucore.dylib in Frameworks */ = {isa = PBXBuildFile; fileRef = 395BCA741AEBB8840097A926 /* libicucore.dylib */; };
		395BCA771AEBB8900097A926 /* libz.1.2.5.dylib in Frameworks */ = {isa = PBXBuildFile; fileRef = 395BCA761AEBB8900097A926 /* libz.1.2.5.dylib */; };
		395BCA791AEBB89C0097A926 /* Security.framework in Frameworks */ = {isa = PBXBuildFile; fileRef = 395BCA781AEBB89C0097A926 /* Security.framework */; };
		395BCA7B1AEBB8AE0097A926 /* ImageIO.framework in Frameworks */ = {isa = PBXBuildFile; fileRef = 395BCA7A1AEBB8AE0097A926 /* ImageIO.framework */; };
		395BCA7D1AEBB8C60097A926 /* libstdc++.dylib in Frameworks */ = {isa = PBXBuildFile; fileRef = 395BCA7C1AEBB8C60097A926 /* libstdc++.dylib */; };
		395BCA7F1AEBB8D10097A926 /* libsqlite3.dylib in Frameworks */ = {isa = PBXBuildFile; fileRef = 395BCA7E1AEBB8D10097A926 /* libsqlite3.dylib */; };
		395D3B741A9D7197005527E5 /* FeedsTableTableViewController.m in Sources */ = {isa = PBXBuildFile; fileRef = 395D3B731A9D7197005527E5 /* FeedsTableTableViewController.m */; };
		397C3D2C1A98804500C5C86B /* main.m in Sources */ = {isa = PBXBuildFile; fileRef = 397C3D2B1A98804500C5C86B /* main.m */; };
		397C3D2F1A98804500C5C86B /* AppDelegate.m in Sources */ = {isa = PBXBuildFile; fileRef = 397C3D2E1A98804500C5C86B /* AppDelegate.m */; };
		397C3D351A98804500C5C86B /* Main.storyboard in Resources */ = {isa = PBXBuildFile; fileRef = 397C3D331A98804500C5C86B /* Main.storyboard */; };
		397C3D371A98804500C5C86B /* Images.xcassets in Resources */ = {isa = PBXBuildFile; fileRef = 397C3D361A98804500C5C86B /* Images.xcassets */; };
		397C3D3A1A98804500C5C86B /* LaunchScreen.xib in Resources */ = {isa = PBXBuildFile; fileRef = 397C3D381A98804500C5C86B /* LaunchScreen.xib */; };
		397C3D461A98804500C5C86B /* MyProject_RSSReaderTests.m in Sources */ = {isa = PBXBuildFile; fileRef = 397C3D451A98804500C5C86B /* MyProject_RSSReaderTests.m */; };
		397C3D541A98816E00C5C86B /* StoryTableViewController.m in Sources */ = {isa = PBXBuildFile; fileRef = 397C3D531A98816E00C5C86B /* StoryTableViewController.m */; };
		397CCB7A1AA4B461009E17E3 /* weather-broken.png in Resources */ = {isa = PBXBuildFile; fileRef = 397CCB621AA4B461009E17E3 /* weather-broken.png */; };
		397CCB7B1AA4B461009E17E3 /* weather-broken@2x.png in Resources */ = {isa = PBXBuildFile; fileRef = 397CCB631AA4B461009E17E3 /* weather-broken@2x.png */; };
		397CCB7C1AA4B461009E17E3 /* weather-clear.png in Resources */ = {isa = PBXBuildFile; fileRef = 397CCB641AA4B461009E17E3 /* weather-clear.png */; };
		397CCB7D1AA4B461009E17E3 /* weather-clear@2x.png in Resources */ = {isa = PBXBuildFile; fileRef = 397CCB651AA4B461009E17E3 /* weather-clear@2x.png */; };
		397CCB7E1AA4B461009E17E3 /* weather-few-night.png in Resources */ = {isa = PBXBuildFile; fileRef = 397CCB661AA4B461009E17E3 /* weather-few-night.png */; };
		397CCB7F1AA4B461009E17E3 /* weather-few-night@2x.png in Resources */ = {isa = PBXBuildFile; fileRef = 397CCB671AA4B461009E17E3 /* weather-few-night@2x.png */; };
		397CCB801AA4B461009E17E3 /* weather-few.png in Resources */ = {isa = PBXBuildFile; fileRef = 397CCB681AA4B461009E17E3 /* weather-few.png */; };
		397CCB811AA4B461009E17E3 /* weather-few@2x.png in Resources */ = {isa = PBXBuildFile; fileRef = 397CCB691AA4B461009E17E3 /* weather-few@2x.png */; };
		397CCB821AA4B461009E17E3 /* weather-mist.png in Resources */ = {isa = PBXBuildFile; fileRef = 397CCB6A1AA4B461009E17E3 /* weather-mist.png */; };
		397CCB831AA4B461009E17E3 /* weather-mist@2x.png in Resources */ = {isa = PBXBuildFile; fileRef = 397CCB6B1AA4B461009E17E3 /* weather-mist@2x.png */; };
		397CCB841AA4B461009E17E3 /* weather-moon.png in Resources */ = {isa = PBXBuildFile; fileRef = 397CCB6C1AA4B461009E17E3 /* weather-moon.png */; };
		397CCB851AA4B461009E17E3 /* weather-moon@2x.png in Resources */ = {isa = PBXBuildFile; fileRef = 397CCB6D1AA4B461009E17E3 /* weather-moon@2x.png */; };
		397CCB861AA4B461009E17E3 /* weather-rain-night.png in Resources */ = {isa = PBXBuildFile; fileRef = 397CCB6E1AA4B461009E17E3 /* weather-rain-night.png */; };
		397CCB871AA4B461009E17E3 /* weather-rain-night@2x.png in Resources */ = {isa = PBXBuildFile; fileRef = 397CCB6F1AA4B461009E17E3 /* weather-rain-night@2x.png */; };
		397CCB881AA4B461009E17E3 /* weather-rain.png in Resources */ = {isa = PBXBuildFile; fileRef = 397CCB701AA4B461009E17E3 /* weather-rain.png */; };
		397CCB891AA4B461009E17E3 /* weather-rain@2x.png in Resources */ = {isa = PBXBuildFile; fileRef = 397CCB711AA4B461009E17E3 /* weather-rain@2x.png */; };
		397CCB8A1AA4B461009E17E3 /* weather-scattered.png in Resources */ = {isa = PBXBuildFile; fileRef = 397CCB721AA4B461009E17E3 /* weather-scattered.png */; };
		397CCB8B1AA4B461009E17E3 /* weather-scattered@2x.png in Resources */ = {isa = PBXBuildFile; fileRef = 397CCB731AA4B461009E17E3 /* weather-scattered@2x.png */; };
		397CCB8C1AA4B461009E17E3 /* weather-shower.png in Resources */ = {isa = PBXBuildFile; fileRef = 397CCB741AA4B461009E17E3 /* weather-shower.png */; };
		397CCB8D1AA4B461009E17E3 /* weather-shower@2x.png in Resources */ = {isa = PBXBuildFile; fileRef = 397CCB751AA4B461009E17E3 /* weather-shower@2x.png */; };
		397CCB8E1AA4B461009E17E3 /* weather-snow.png in Resources */ = {isa = PBXBuildFile; fileRef = 397CCB761AA4B461009E17E3 /* weather-snow.png */; };
		397CCB8F1AA4B461009E17E3 /* weather-snow@2x.png in Resources */ = {isa = PBXBuildFile; fileRef = 397CCB771AA4B461009E17E3 /* weather-snow@2x.png */; };
		397CCB901AA4B461009E17E3 /* weather-tstorm.png in Resources */ = {isa = PBXBuildFile; fileRef = 397CCB781AA4B461009E17E3 /* weather-tstorm.png */; };
		397CCB911AA4B461009E17E3 /* weather-tstorm@2x.png in Resources */ = {isa = PBXBuildFile; fileRef = 397CCB791AA4B461009E17E3 /* weather-tstorm@2x.png */; };
		397CCB941AA4B46E009E17E3 /* bg.png in Resources */ = {isa = PBXBuildFile; fileRef = 397CCB921AA4B46E009E17E3 /* bg.png */; };
		397CCB951AA4B46E009E17E3 /* bg@2x.png in Resources */ = {isa = PBXBuildFile; fileRef = 397CCB931AA4B46E009E17E3 /* bg@2x.png */; };
		39C652311AA0037F002595CF /* burger.png in Resources */ = {isa = PBXBuildFile; fileRef = 39C6522C1AA0037F002595CF /* burger.png */; };
		39C652321AA0037F002595CF /* burger@2x.png in Resources */ = {isa = PBXBuildFile; fileRef = 39C6522D1AA0037F002595CF /* burger@2x.png */; };
		39C6523A1AA00398002595CF /* gear.png in Resources */ = {isa = PBXBuildFile; fileRef = 39C652361AA00398002595CF /* gear.png */; };
		39C6523B1AA00398002595CF /* gear@2x.png in Resources */ = {isa = PBXBuildFile; fileRef = 39C652371AA00398002595CF /* gear@2x.png */; };
		39C6523C1AA00398002595CF /* globe.png in Resources */ = {isa = PBXBuildFile; fileRef = 39C652381AA00398002595CF /* globe.png */; };
		39C6523D1AA00398002595CF /* globe@2x.png in Resources */ = {isa = PBXBuildFile; fileRef = 39C652391AA00398002595CF /* globe@2x.png */; };
		39C652421AA003A4002595CF /* profile.png in Resources */ = {isa = PBXBuildFile; fileRef = 39C6523E1AA003A4002595CF /* profile.png */; };
		39C652431AA003A4002595CF /* profile@2x.png in Resources */ = {isa = PBXBuildFile; fileRef = 39C6523F1AA003A4002595CF /* profile@2x.png */; };
		39C652441AA003A4002595CF /* Profile_image.png in Resources */ = {isa = PBXBuildFile; fileRef = 39C652401AA003A4002595CF /* Profile_image.png */; };
		39C652451AA003A4002595CF /* Profile_image@2x.png in Resources */ = {isa = PBXBuildFile; fileRef = 39C652411AA003A4002595CF /* Profile_image@2x.png */; };
		39C7F1DA1AA16E04001FC5E3 /* uncollect.png in Resources */ = {isa = PBXBuildFile; fileRef = 39C7F1D91AA16E04001FC5E3 /* uncollect.png */; };
		39C7F1DC1AA16E23001FC5E3 /* collect@2x.png in Resources */ = {isa = PBXBuildFile; fileRef = 39C7F1DB1AA16E23001FC5E3 /* collect@2x.png */; };
		39C7F1DE1AA16E2D001FC5E3 /* collect.png in Resources */ = {isa = PBXBuildFile; fileRef = 39C7F1DD1AA16E2D001FC5E3 /* collect.png */; };
		39C7F1E11AA18194001FC5E3 /* CollectedArticlesTableViewController.m in Sources */ = {isa = PBXBuildFile; fileRef = 39C7F1E01AA18194001FC5E3 /* CollectedArticlesTableViewController.m */; };
		39D940021A9B577100B6EF10 /* AFHTTPRequestOperation.m in Sources */ = {isa = PBXBuildFile; fileRef = 39D93FDE1A9B577100B6EF10 /* AFHTTPRequestOperation.m */; };
		39D940031A9B577100B6EF10 /* AFHTTPRequestOperationManager.m in Sources */ = {isa = PBXBuildFile; fileRef = 39D93FE01A9B577100B6EF10 /* AFHTTPRequestOperationManager.m */; };
		39D940041A9B577100B6EF10 /* AFHTTPSessionManager.m in Sources */ = {isa = PBXBuildFile; fileRef = 39D93FE21A9B577100B6EF10 /* AFHTTPSessionManager.m */; };
		39D940051A9B577100B6EF10 /* AFNetworkReachabilityManager.m in Sources */ = {isa = PBXBuildFile; fileRef = 39D93FE51A9B577100B6EF10 /* AFNetworkReachabilityManager.m */; };
		39D940061A9B577100B6EF10 /* AFSecurityPolicy.m in Sources */ = {isa = PBXBuildFile; fileRef = 39D93FE71A9B577100B6EF10 /* AFSecurityPolicy.m */; };
		39D940071A9B577100B6EF10 /* AFURLConnectionOperation.m in Sources */ = {isa = PBXBuildFile; fileRef = 39D93FE91A9B577100B6EF10 /* AFURLConnectionOperation.m */; };
		39D940081A9B577100B6EF10 /* AFURLRequestSerialization.m in Sources */ = {isa = PBXBuildFile; fileRef = 39D93FEB1A9B577100B6EF10 /* AFURLRequestSerialization.m */; };
		39D940091A9B577100B6EF10 /* AFURLResponseSerialization.m in Sources */ = {isa = PBXBuildFile; fileRef = 39D93FED1A9B577100B6EF10 /* AFURLResponseSerialization.m */; };
		39D9400A1A9B577100B6EF10 /* AFURLSessionManager.m in Sources */ = {isa = PBXBuildFile; fileRef = 39D93FEF1A9B577100B6EF10 /* AFURLSessionManager.m */; };
		39D9400B1A9B577100B6EF10 /* AFNetworkActivityIndicatorManager.m in Sources */ = {isa = PBXBuildFile; fileRef = 39D93FF21A9B577100B6EF10 /* AFNetworkActivityIndicatorManager.m */; };
		39D9400C1A9B577100B6EF10 /* UIActivityIndicatorView+AFNetworking.m in Sources */ = {isa = PBXBuildFile; fileRef = 39D93FF41A9B577100B6EF10 /* UIActivityIndicatorView+AFNetworking.m */; };
		39D9400D1A9B577100B6EF10 /* UIAlertView+AFNetworking.m in Sources */ = {isa = PBXBuildFile; fileRef = 39D93FF61A9B577100B6EF10 /* UIAlertView+AFNetworking.m */; };
		39D9400E1A9B577100B6EF10 /* UIButton+AFNetworking.m in Sources */ = {isa = PBXBuildFile; fileRef = 39D93FF81A9B577100B6EF10 /* UIButton+AFNetworking.m */; };
		39D9400F1A9B577100B6EF10 /* UIImageView+AFNetworking.m in Sources */ = {isa = PBXBuildFile; fileRef = 39D93FFA1A9B577100B6EF10 /* UIImageView+AFNetworking.m */; };
		39D940101A9B577100B6EF10 /* UIProgressView+AFNetworking.m in Sources */ = {isa = PBXBuildFile; fileRef = 39D93FFD1A9B577100B6EF10 /* UIProgressView+AFNetworking.m */; };
		39D940111A9B577100B6EF10 /* UIRefreshControl+AFNetworking.m in Sources */ = {isa = PBXBuildFile; fileRef = 39D93FFF1A9B577100B6EF10 /* UIRefreshControl+AFNetworking.m */; };
		39D940121A9B577100B6EF10 /* UIWebView+AFNetworking.m in Sources */ = {isa = PBXBuildFile; fileRef = 39D940011A9B577100B6EF10 /* UIWebView+AFNetworking.m */; };
		39DB52811AA21502006261BD /* collectArticles.m in Sources */ = {isa = PBXBuildFile; fileRef = 39DB52801AA21502006261BD /* collectArticles.m */; };
		DCC73655AFD3F1E9C599E4EA /* libPods.a in Frameworks */ = {isa = PBXBuildFile; fileRef = C925043C6113733B7F240EA2 /* libPods.a */; };
/* End PBXBuildFile section */

/* Begin PBXContainerItemProxy section */
		397C3D401A98804500C5C86B /* PBXContainerItemProxy */ = {
			isa = PBXContainerItemProxy;
			containerPortal = 397C3D1E1A98804500C5C86B /* Project object */;
			proxyType = 1;
			remoteGlobalIDString = 397C3D251A98804500C5C86B;
			remoteInfo = "MyProject-RSSReader";
		};
/* End PBXContainerItemProxy section */

/* Begin PBXFileReference section */
		390453CF1AA8761500BE8738 /* NSDictionary+JSONReturnValues.h */ = {isa = PBXFileReference; fileEncoding = 4; lastKnownFileType = sourcecode.c.h; path = "NSDictionary+JSONReturnValues.h"; sourceTree = "<group>"; };
		390453D01AA8761500BE8738 /* NSDictionary+JSONReturnValues.m */ = {isa = PBXFileReference; fileEncoding = 4; lastKnownFileType = sourcecode.c.objc; path = "NSDictionary+JSONReturnValues.m"; sourceTree = "<group>"; };
		391F9E691AA84C9500E0A909 /* SearchFeedsTableViewController.h */ = {isa = PBXFileReference; fileEncoding = 4; lastKnownFileType = sourcecode.c.h; path = SearchFeedsTableViewController.h; sourceTree = "<group>"; };
		391F9E6A1AA84C9500E0A909 /* SearchFeedsTableViewController.m */ = {isa = PBXFileReference; fileEncoding = 4; lastKnownFileType = sourcecode.c.objc; path = SearchFeedsTableViewController.m; sourceTree = "<group>"; };
		392FD3731A9C248700EA55B2 /* StoryDetailViewController.h */ = {isa = PBXFileReference; fileEncoding = 4; lastKnownFileType = sourcecode.c.h; path = StoryDetailViewController.h; sourceTree = "<group>"; };
		392FD3741A9C248700EA55B2 /* StoryDetailViewController.m */ = {isa = PBXFileReference; fileEncoding = 4; lastKnownFileType = sourcecode.c.objc; path = StoryDetailViewController.m; sourceTree = "<group>"; };
		395BCA3F1AEBB7E10097A926 /* CopyConnection.framework */ = {isa = PBXFileReference; lastKnownFileType = wrapper.framework; path = CopyConnection.framework; sourceTree = "<group>"; };
		395BCA401AEBB7E10097A926 /* QQConnection.framework */ = {isa = PBXFileReference; lastKnownFileType = wrapper.framework; path = QQConnection.framework; sourceTree = "<group>"; };
		395BCA411AEBB7E10097A926 /* QZoneConnection.framework */ = {isa = PBXFileReference; lastKnownFileType = wrapper.framework; path = QZoneConnection.framework; sourceTree = "<group>"; };
		395BCA421AEBB7E10097A926 /* SinaWeiboConnection.framework */ = {isa = PBXFileReference; lastKnownFileType = wrapper.framework; path = SinaWeiboConnection.framework; sourceTree = "<group>"; };
		395BCA431AEBB7E10097A926 /* WeChatConnection.framework */ = {isa = PBXFileReference; lastKnownFileType = wrapper.framework; path = WeChatConnection.framework; sourceTree = "<group>"; };
		395BCA451AEBB7E10097A926 /* AGCommon.framework */ = {isa = PBXFileReference; lastKnownFileType = wrapper.framework; path = AGCommon.framework; sourceTree = "<group>"; };
		395BCA471AEBB7E10097A926 /* en */ = {isa = PBXFileReference; lastKnownFileType = text.plist.strings; name = en; path = en.lproj/ShareSDKLocalizable.strings; sourceTree = "<group>"; };
		395BCA481AEBB7E10097A926 /* Resource.bundle */ = {isa = PBXFileReference; lastKnownFileType = "wrapper.plug-in"; path = Resource.bundle; sourceTree = "<group>"; };
		395BCA491AEBB7E10097A926 /* ShareSDKCoreService.framework */ = {isa = PBXFileReference; lastKnownFileType = wrapper.framework; path = ShareSDKCoreService.framework; sourceTree = "<group>"; };
		395BCA4A1AEBB7E10097A926 /* zh-Hans */ = {isa = PBXFileReference; lastKnownFileType = text.plist.strings; name = "zh-Hans"; path = "zh-Hans.lproj/ShareSDKLocalizable.strings"; sourceTree = "<group>"; };
		395BCA4D1AEBB7E10097A926 /* TencentOpenAPI.framework */ = {isa = PBXFileReference; lastKnownFileType = wrapper.framework; path = TencentOpenAPI.framework; sourceTree = "<group>"; };
		395BCA4E1AEBB7E10097A926 /* TencentOpenApi_IOS_Bundle.bundle */ = {isa = PBXFileReference; lastKnownFileType = "wrapper.plug-in"; path = TencentOpenApi_IOS_Bundle.bundle; sourceTree = "<group>"; };
		395BCA501AEBB7E10097A926 /* libWeiboSDK.a */ = {isa = PBXFileReference; lastKnownFileType = archive.ar; path = libWeiboSDK.a; sourceTree = "<group>"; };
		395BCA511AEBB7E10097A926 /* WeiboSDK.bundle */ = {isa = PBXFileReference; lastKnownFileType = "wrapper.plug-in"; path = WeiboSDK.bundle; sourceTree = "<group>"; };
		395BCA521AEBB7E10097A926 /* WeiboSDK.h */ = {isa = PBXFileReference; fileEncoding = 4; lastKnownFileType = sourcecode.c.h; path = WeiboSDK.h; sourceTree = "<group>"; };
		395BCA541AEBB7E10097A926 /* libWeChatSDK.a */ = {isa = PBXFileReference; lastKnownFileType = archive.ar; path = libWeChatSDK.a; sourceTree = "<group>"; };
		395BCA551AEBB7E10097A926 /* WXApi.h */ = {isa = PBXFileReference; fileEncoding = 4; lastKnownFileType = sourcecode.c.h; path = WXApi.h; sourceTree = "<group>"; };
		395BCA561AEBB7E10097A926 /* WXApiObject.h */ = {isa = PBXFileReference; fileEncoding = 4; lastKnownFileType = sourcecode.c.h; path = WXApiObject.h; sourceTree = "<group>"; };
		395BCA571AEBB7E10097A926 /* ShareSDK.framework */ = {isa = PBXFileReference; lastKnownFileType = wrapper.framework; path = ShareSDK.framework; sourceTree = "<group>"; };
		395BCA591AEBB7E10097A926 /* ShareSDKFlatShareViewUI.bundle */ = {isa = PBXFileReference; lastKnownFileType = "wrapper.plug-in"; path = ShareSDKFlatShareViewUI.bundle; sourceTree = "<group>"; };
		395BCA5A1AEBB7E10097A926 /* ShareSDKFlatShareViewUI.framework */ = {isa = PBXFileReference; lastKnownFileType = wrapper.framework; path = ShareSDKFlatShareViewUI.framework; sourceTree = "<group>"; };
		395BCA5B1AEBB7E10097A926 /* ShareSDKShareActionSheet.framework */ = {isa = PBXFileReference; lastKnownFileType = wrapper.framework; path = ShareSDKShareActionSheet.framework; sourceTree = "<group>"; };
		395BCA6E1AEBB8620097A926 /* SystemConfiguration.framework */ = {isa = PBXFileReference; lastKnownFileType = wrapper.framework; name = SystemConfiguration.framework; path = System/Library/Frameworks/SystemConfiguration.framework; sourceTree = SDKROOT; };
		395BCA701AEBB86D0097A926 /* QuartzCore.framework */ = {isa = PBXFileReference; lastKnownFileType = wrapper.framework; name = QuartzCore.framework; path = System/Library/Frameworks/QuartzCore.framework; sourceTree = SDKROOT; };
		395BCA721AEBB8780097A926 /* CoreTelephony.framework */ = {isa = PBXFileReference; lastKnownFileType = wrapper.framework; name = CoreTelephony.framework; path = System/Library/Frameworks/CoreTelephony.framework; sourceTree = SDKROOT; };
		395BCA741AEBB8840097A926 /* libicucore.dylib */ = {isa = PBXFileReference; lastKnownFileType = "compiled.mach-o.dylib"; name = libicucore.dylib; path = usr/lib/libicucore.dylib; sourceTree = SDKROOT; };
		395BCA761AEBB8900097A926 /* libz.1.2.5.dylib */ = {isa = PBXFileReference; lastKnownFileType = "compiled.mach-o.dylib"; name = libz.1.2.5.dylib; path = usr/lib/libz.1.2.5.dylib; sourceTree = SDKROOT; };
		395BCA781AEBB89C0097A926 /* Security.framework */ = {isa = PBXFileReference; lastKnownFileType = wrapper.framework; name = Security.framework; path = System/Library/Frameworks/Security.framework; sourceTree = SDKROOT; };
		395BCA7A1AEBB8AE0097A926 /* ImageIO.framework */ = {isa = PBXFileReference; lastKnownFileType = wrapper.framework; name = ImageIO.framework; path = System/Library/Frameworks/ImageIO.framework; sourceTree = SDKROOT; };
		395BCA7C1AEBB8C60097A926 /* libstdc++.dylib */ = {isa = PBXFileReference; lastKnownFileType = "compiled.mach-o.dylib"; name = "libstdc++.dylib"; path = "usr/lib/libstdc++.dylib"; sourceTree = SDKROOT; };
		395BCA7E1AEBB8D10097A926 /* libsqlite3.dylib */ = {isa = PBXFileReference; lastKnownFileType = "compiled.mach-o.dylib"; name = libsqlite3.dylib; path = usr/lib/libsqlite3.dylib; sourceTree = SDKROOT; };
		395D3B721A9D7197005527E5 /* FeedsTableTableViewController.h */ = {isa = PBXFileReference; fileEncoding = 4; lastKnownFileType = sourcecode.c.h; path = FeedsTableTableViewController.h; sourceTree = "<group>"; };
		395D3B731A9D7197005527E5 /* FeedsTableTableViewController.m */ = {isa = PBXFileReference; fileEncoding = 4; lastKnownFileType = sourcecode.c.objc; path = FeedsTableTableViewController.m; sourceTree = "<group>"; };
		397C3D261A98804500C5C86B /* MyProject-RSSReader.app */ = {isa = PBXFileReference; explicitFileType = wrapper.application; includeInIndex = 0; path = "MyProject-RSSReader.app"; sourceTree = BUILT_PRODUCTS_DIR; };
		397C3D2A1A98804500C5C86B /* Info.plist */ = {isa = PBXFileReference; lastKnownFileType = text.plist.xml; path = Info.plist; sourceTree = "<group>"; };
		397C3D2B1A98804500C5C86B /* main.m */ = {isa = PBXFileReference; lastKnownFileType = sourcecode.c.objc; path = main.m; sourceTree = "<group>"; };
		397C3D2D1A98804500C5C86B /* AppDelegate.h */ = {isa = PBXFileReference; lastKnownFileType = sourcecode.c.h; path = AppDelegate.h; sourceTree = "<group>"; };
		397C3D2E1A98804500C5C86B /* AppDelegate.m */ = {isa = PBXFileReference; lastKnownFileType = sourcecode.c.objc; path = AppDelegate.m; sourceTree = "<group>"; };
		397C3D341A98804500C5C86B /* Base */ = {isa = PBXFileReference; lastKnownFileType = file.storyboard; name = Base; path = Base.lproj/Main.storyboard; sourceTree = "<group>"; };
		397C3D361A98804500C5C86B /* Images.xcassets */ = {isa = PBXFileReference; lastKnownFileType = folder.assetcatalog; path = Images.xcassets; sourceTree = "<group>"; };
		397C3D391A98804500C5C86B /* Base */ = {isa = PBXFileReference; lastKnownFileType = file.xib; name = Base; path = Base.lproj/LaunchScreen.xib; sourceTree = "<group>"; };
		397C3D3F1A98804500C5C86B /* MyProject-RSSReaderTests.xctest */ = {isa = PBXFileReference; explicitFileType = wrapper.cfbundle; includeInIndex = 0; path = "MyProject-RSSReaderTests.xctest"; sourceTree = BUILT_PRODUCTS_DIR; };
		397C3D441A98804500C5C86B /* Info.plist */ = {isa = PBXFileReference; lastKnownFileType = text.plist.xml; path = Info.plist; sourceTree = "<group>"; };
		397C3D451A98804500C5C86B /* MyProject_RSSReaderTests.m */ = {isa = PBXFileReference; lastKnownFileType = sourcecode.c.objc; path = MyProject_RSSReaderTests.m; sourceTree = "<group>"; };
		397C3D521A98816E00C5C86B /* StoryTableViewController.h */ = {isa = PBXFileReference; fileEncoding = 4; lastKnownFileType = sourcecode.c.h; path = StoryTableViewController.h; sourceTree = "<group>"; };
		397C3D531A98816E00C5C86B /* StoryTableViewController.m */ = {isa = PBXFileReference; fileEncoding = 4; lastKnownFileType = sourcecode.c.objc; path = StoryTableViewController.m; sourceTree = "<group>"; };
		397CCB621AA4B461009E17E3 /* weather-broken.png */ = {isa = PBXFileReference; lastKnownFileType = image.png; path = "weather-broken.png"; sourceTree = "<group>"; };
		397CCB631AA4B461009E17E3 /* weather-broken@2x.png */ = {isa = PBXFileReference; lastKnownFileType = image.png; path = "weather-broken@2x.png"; sourceTree = "<group>"; };
		397CCB641AA4B461009E17E3 /* weather-clear.png */ = {isa = PBXFileReference; lastKnownFileType = image.png; path = "weather-clear.png"; sourceTree = "<group>"; };
		397CCB651AA4B461009E17E3 /* weather-clear@2x.png */ = {isa = PBXFileReference; lastKnownFileType = image.png; path = "weather-clear@2x.png"; sourceTree = "<group>"; };
		397CCB661AA4B461009E17E3 /* weather-few-night.png */ = {isa = PBXFileReference; lastKnownFileType = image.png; path = "weather-few-night.png"; sourceTree = "<group>"; };
		397CCB671AA4B461009E17E3 /* weather-few-night@2x.png */ = {isa = PBXFileReference; lastKnownFileType = image.png; path = "weather-few-night@2x.png"; sourceTree = "<group>"; };
		397CCB681AA4B461009E17E3 /* weather-few.png */ = {isa = PBXFileReference; lastKnownFileType = image.png; path = "weather-few.png"; sourceTree = "<group>"; };
		397CCB691AA4B461009E17E3 /* weather-few@2x.png */ = {isa = PBXFileReference; lastKnownFileType = image.png; path = "weather-few@2x.png"; sourceTree = "<group>"; };
		397CCB6A1AA4B461009E17E3 /* weather-mist.png */ = {isa = PBXFileReference; lastKnownFileType = image.png; path = "weather-mist.png"; sourceTree = "<group>"; };
		397CCB6B1AA4B461009E17E3 /* weather-mist@2x.png */ = {isa = PBXFileReference; lastKnownFileType = image.png; path = "weather-mist@2x.png"; sourceTree = "<group>"; };
		397CCB6C1AA4B461009E17E3 /* weather-moon.png */ = {isa = PBXFileReference; lastKnownFileType = image.png; path = "weather-moon.png"; sourceTree = "<group>"; };
		397CCB6D1AA4B461009E17E3 /* weather-moon@2x.png */ = {isa = PBXFileReference; lastKnownFileType = image.png; path = "weather-moon@2x.png"; sourceTree = "<group>"; };
		397CCB6E1AA4B461009E17E3 /* weather-rain-night.png */ = {isa = PBXFileReference; lastKnownFileType = image.png; path = "weather-rain-night.png"; sourceTree = "<group>"; };
		397CCB6F1AA4B461009E17E3 /* weather-rain-night@2x.png */ = {isa = PBXFileReference; lastKnownFileType = image.png; path = "weather-rain-night@2x.png"; sourceTree = "<group>"; };
		397CCB701AA4B461009E17E3 /* weather-rain.png */ = {isa = PBXFileReference; lastKnownFileType = image.png; path = "weather-rain.png"; sourceTree = "<group>"; };
		397CCB711AA4B461009E17E3 /* weather-rain@2x.png */ = {isa = PBXFileReference; lastKnownFileType = image.png; path = "weather-rain@2x.png"; sourceTree = "<group>"; };
		397CCB721AA4B461009E17E3 /* weather-scattered.png */ = {isa = PBXFileReference; lastKnownFileType = image.png; path = "weather-scattered.png"; sourceTree = "<group>"; };
		397CCB731AA4B461009E17E3 /* weather-scattered@2x.png */ = {isa = PBXFileReference; lastKnownFileType = image.png; path = "weather-scattered@2x.png"; sourceTree = "<group>"; };
		397CCB741AA4B461009E17E3 /* weather-shower.png */ = {isa = PBXFileReference; lastKnownFileType = image.png; path = "weather-shower.png"; sourceTree = "<group>"; };
		397CCB751AA4B461009E17E3 /* weather-shower@2x.png */ = {isa = PBXFileReference; lastKnownFileType = image.png; path = "weather-shower@2x.png"; sourceTree = "<group>"; };
		397CCB761AA4B461009E17E3 /* weather-snow.png */ = {isa = PBXFileReference; lastKnownFileType = image.png; path = "weather-snow.png"; sourceTree = "<group>"; };
		397CCB771AA4B461009E17E3 /* weather-snow@2x.png */ = {isa = PBXFileReference; lastKnownFileType = image.png; path = "weather-snow@2x.png"; sourceTree = "<group>"; };
		397CCB781AA4B461009E17E3 /* weather-tstorm.png */ = {isa = PBXFileReference; lastKnownFileType = image.png; path = "weather-tstorm.png"; sourceTree = "<group>"; };
		397CCB791AA4B461009E17E3 /* weather-tstorm@2x.png */ = {isa = PBXFileReference; lastKnownFileType = image.png; path = "weather-tstorm@2x.png"; sourceTree = "<group>"; };
		397CCB921AA4B46E009E17E3 /* bg.png */ = {isa = PBXFileReference; lastKnownFileType = image.png; path = bg.png; sourceTree = "<group>"; };
		397CCB931AA4B46E009E17E3 /* bg@2x.png */ = {isa = PBXFileReference; lastKnownFileType = image.png; path = "bg@2x.png"; sourceTree = "<group>"; };
		39C6522C1AA0037F002595CF /* burger.png */ = {isa = PBXFileReference; lastKnownFileType = image.png; path = burger.png; sourceTree = "<group>"; };
		39C6522D1AA0037F002595CF /* burger@2x.png */ = {isa = PBXFileReference; lastKnownFileType = image.png; path = "burger@2x.png"; sourceTree = "<group>"; };
		39C652361AA00398002595CF /* gear.png */ = {isa = PBXFileReference; lastKnownFileType = image.png; path = gear.png; sourceTree = "<group>"; };
		39C652371AA00398002595CF /* gear@2x.png */ = {isa = PBXFileReference; lastKnownFileType = image.png; path = "gear@2x.png"; sourceTree = "<group>"; };
		39C652381AA00398002595CF /* globe.png */ = {isa = PBXFileReference; lastKnownFileType = image.png; path = globe.png; sourceTree = "<group>"; };
		39C652391AA00398002595CF /* globe@2x.png */ = {isa = PBXFileReference; lastKnownFileType = image.png; path = "globe@2x.png"; sourceTree = "<group>"; };
		39C6523E1AA003A4002595CF /* profile.png */ = {isa = PBXFileReference; lastKnownFileType = image.png; path = profile.png; sourceTree = "<group>"; };
		39C6523F1AA003A4002595CF /* profile@2x.png */ = {isa = PBXFileReference; lastKnownFileType = image.png; path = "profile@2x.png"; sourceTree = "<group>"; };
		39C652401AA003A4002595CF /* Profile_image.png */ = {isa = PBXFileReference; lastKnownFileType = image.png; path = Profile_image.png; sourceTree = "<group>"; };
		39C652411AA003A4002595CF /* Profile_image@2x.png */ = {isa = PBXFileReference; lastKnownFileType = image.png; path = "Profile_image@2x.png"; sourceTree = "<group>"; };
		39C7F1D91AA16E04001FC5E3 /* uncollect.png */ = {isa = PBXFileReference; lastKnownFileType = image.png; path = uncollect.png; sourceTree = "<group>"; };
		39C7F1DB1AA16E23001FC5E3 /* collect@2x.png */ = {isa = PBXFileReference; lastKnownFileType = image.png; path = "collect@2x.png"; sourceTree = "<group>"; };
		39C7F1DD1AA16E2D001FC5E3 /* collect.png */ = {isa = PBXFileReference; lastKnownFileType = image.png; path = collect.png; sourceTree = "<group>"; };
		39C7F1DF1AA18194001FC5E3 /* CollectedArticlesTableViewController.h */ = {isa = PBXFileReference; fileEncoding = 4; lastKnownFileType = sourcecode.c.h; path = CollectedArticlesTableViewController.h; sourceTree = "<group>"; };
		39C7F1E01AA18194001FC5E3 /* CollectedArticlesTableViewController.m */ = {isa = PBXFileReference; fileEncoding = 4; lastKnownFileType = sourcecode.c.objc; path = CollectedArticlesTableViewController.m; sourceTree = "<group>"; };
		39D93FDD1A9B577100B6EF10 /* AFHTTPRequestOperation.h */ = {isa = PBXFileReference; fileEncoding = 4; lastKnownFileType = sourcecode.c.h; path = AFHTTPRequestOperation.h; sourceTree = "<group>"; };
		39D93FDE1A9B577100B6EF10 /* AFHTTPRequestOperation.m */ = {isa = PBXFileReference; fileEncoding = 4; lastKnownFileType = sourcecode.c.objc; path = AFHTTPRequestOperation.m; sourceTree = "<group>"; };
		39D93FDF1A9B577100B6EF10 /* AFHTTPRequestOperationManager.h */ = {isa = PBXFileReference; fileEncoding = 4; lastKnownFileType = sourcecode.c.h; path = AFHTTPRequestOperationManager.h; sourceTree = "<group>"; };
		39D93FE01A9B577100B6EF10 /* AFHTTPRequestOperationManager.m */ = {isa = PBXFileReference; fileEncoding = 4; lastKnownFileType = sourcecode.c.objc; path = AFHTTPRequestOperationManager.m; sourceTree = "<group>"; };
		39D93FE11A9B577100B6EF10 /* AFHTTPSessionManager.h */ = {isa = PBXFileReference; fileEncoding = 4; lastKnownFileType = sourcecode.c.h; path = AFHTTPSessionManager.h; sourceTree = "<group>"; };
		39D93FE21A9B577100B6EF10 /* AFHTTPSessionManager.m */ = {isa = PBXFileReference; fileEncoding = 4; lastKnownFileType = sourcecode.c.objc; path = AFHTTPSessionManager.m; sourceTree = "<group>"; };
		39D93FE31A9B577100B6EF10 /* AFNetworking.h */ = {isa = PBXFileReference; fileEncoding = 4; lastKnownFileType = sourcecode.c.h; path = AFNetworking.h; sourceTree = "<group>"; };
		39D93FE41A9B577100B6EF10 /* AFNetworkReachabilityManager.h */ = {isa = PBXFileReference; fileEncoding = 4; lastKnownFileType = sourcecode.c.h; path = AFNetworkReachabilityManager.h; sourceTree = "<group>"; };
		39D93FE51A9B577100B6EF10 /* AFNetworkReachabilityManager.m */ = {isa = PBXFileReference; fileEncoding = 4; lastKnownFileType = sourcecode.c.objc; path = AFNetworkReachabilityManager.m; sourceTree = "<group>"; };
		39D93FE61A9B577100B6EF10 /* AFSecurityPolicy.h */ = {isa = PBXFileReference; fileEncoding = 4; lastKnownFileType = sourcecode.c.h; path = AFSecurityPolicy.h; sourceTree = "<group>"; };
		39D93FE71A9B577100B6EF10 /* AFSecurityPolicy.m */ = {isa = PBXFileReference; fileEncoding = 4; lastKnownFileType = sourcecode.c.objc; path = AFSecurityPolicy.m; sourceTree = "<group>"; };
		39D93FE81A9B577100B6EF10 /* AFURLConnectionOperation.h */ = {isa = PBXFileReference; fileEncoding = 4; lastKnownFileType = sourcecode.c.h; path = AFURLConnectionOperation.h; sourceTree = "<group>"; };
		39D93FE91A9B577100B6EF10 /* AFURLConnectionOperation.m */ = {isa = PBXFileReference; fileEncoding = 4; lastKnownFileType = sourcecode.c.objc; path = AFURLConnectionOperation.m; sourceTree = "<group>"; };
		39D93FEA1A9B577100B6EF10 /* AFURLRequestSerialization.h */ = {isa = PBXFileReference; fileEncoding = 4; lastKnownFileType = sourcecode.c.h; path = AFURLRequestSerialization.h; sourceTree = "<group>"; };
		39D93FEB1A9B577100B6EF10 /* AFURLRequestSerialization.m */ = {isa = PBXFileReference; fileEncoding = 4; lastKnownFileType = sourcecode.c.objc; path = AFURLRequestSerialization.m; sourceTree = "<group>"; };
		39D93FEC1A9B577100B6EF10 /* AFURLResponseSerialization.h */ = {isa = PBXFileReference; fileEncoding = 4; lastKnownFileType = sourcecode.c.h; path = AFURLResponseSerialization.h; sourceTree = "<group>"; };
		39D93FED1A9B577100B6EF10 /* AFURLResponseSerialization.m */ = {isa = PBXFileReference; fileEncoding = 4; lastKnownFileType = sourcecode.c.objc; path = AFURLResponseSerialization.m; sourceTree = "<group>"; };
		39D93FEE1A9B577100B6EF10 /* AFURLSessionManager.h */ = {isa = PBXFileReference; fileEncoding = 4; lastKnownFileType = sourcecode.c.h; path = AFURLSessionManager.h; sourceTree = "<group>"; };
		39D93FEF1A9B577100B6EF10 /* AFURLSessionManager.m */ = {isa = PBXFileReference; fileEncoding = 4; lastKnownFileType = sourcecode.c.objc; path = AFURLSessionManager.m; sourceTree = "<group>"; };
		39D93FF11A9B577100B6EF10 /* AFNetworkActivityIndicatorManager.h */ = {isa = PBXFileReference; fileEncoding = 4; lastKnownFileType = sourcecode.c.h; path = AFNetworkActivityIndicatorManager.h; sourceTree = "<group>"; };
		39D93FF21A9B577100B6EF10 /* AFNetworkActivityIndicatorManager.m */ = {isa = PBXFileReference; fileEncoding = 4; lastKnownFileType = sourcecode.c.objc; path = AFNetworkActivityIndicatorManager.m; sourceTree = "<group>"; };
		39D93FF31A9B577100B6EF10 /* UIActivityIndicatorView+AFNetworking.h */ = {isa = PBXFileReference; fileEncoding = 4; lastKnownFileType = sourcecode.c.h; path = "UIActivityIndicatorView+AFNetworking.h"; sourceTree = "<group>"; };
		39D93FF41A9B577100B6EF10 /* UIActivityIndicatorView+AFNetworking.m */ = {isa = PBXFileReference; fileEncoding = 4; lastKnownFileType = sourcecode.c.objc; path = "UIActivityIndicatorView+AFNetworking.m"; sourceTree = "<group>"; };
		39D93FF51A9B577100B6EF10 /* UIAlertView+AFNetworking.h */ = {isa = PBXFileReference; fileEncoding = 4; lastKnownFileType = sourcecode.c.h; path = "UIAlertView+AFNetworking.h"; sourceTree = "<group>"; };
		39D93FF61A9B577100B6EF10 /* UIAlertView+AFNetworking.m */ = {isa = PBXFileReference; fileEncoding = 4; lastKnownFileType = sourcecode.c.objc; path = "UIAlertView+AFNetworking.m"; sourceTree = "<group>"; };
		39D93FF71A9B577100B6EF10 /* UIButton+AFNetworking.h */ = {isa = PBXFileReference; fileEncoding = 4; lastKnownFileType = sourcecode.c.h; path = "UIButton+AFNetworking.h"; sourceTree = "<group>"; };
		39D93FF81A9B577100B6EF10 /* UIButton+AFNetworking.m */ = {isa = PBXFileReference; fileEncoding = 4; lastKnownFileType = sourcecode.c.objc; path = "UIButton+AFNetworking.m"; sourceTree = "<group>"; };
		39D93FF91A9B577100B6EF10 /* UIImageView+AFNetworking.h */ = {isa = PBXFileReference; fileEncoding = 4; lastKnownFileType = sourcecode.c.h; path = "UIImageView+AFNetworking.h"; sourceTree = "<group>"; };
		39D93FFA1A9B577100B6EF10 /* UIImageView+AFNetworking.m */ = {isa = PBXFileReference; fileEncoding = 4; lastKnownFileType = sourcecode.c.objc; path = "UIImageView+AFNetworking.m"; sourceTree = "<group>"; };
		39D93FFB1A9B577100B6EF10 /* UIKit+AFNetworking.h */ = {isa = PBXFileReference; fileEncoding = 4; lastKnownFileType = sourcecode.c.h; path = "UIKit+AFNetworking.h"; sourceTree = "<group>"; };
		39D93FFC1A9B577100B6EF10 /* UIProgressView+AFNetworking.h */ = {isa = PBXFileReference; fileEncoding = 4; lastKnownFileType = sourcecode.c.h; path = "UIProgressView+AFNetworking.h"; sourceTree = "<group>"; };
		39D93FFD1A9B577100B6EF10 /* UIProgressView+AFNetworking.m */ = {isa = PBXFileReference; fileEncoding = 4; lastKnownFileType = sourcecode.c.objc; path = "UIProgressView+AFNetworking.m"; sourceTree = "<group>"; };
		39D93FFE1A9B577100B6EF10 /* UIRefreshControl+AFNetworking.h */ = {isa = PBXFileReference; fileEncoding = 4; lastKnownFileType = sourcecode.c.h; path = "UIRefreshControl+AFNetworking.h"; sourceTree = "<group>"; };
		39D93FFF1A9B577100B6EF10 /* UIRefreshControl+AFNetworking.m */ = {isa = PBXFileReference; fileEncoding = 4; lastKnownFileType = sourcecode.c.objc; path = "UIRefreshControl+AFNetworking.m"; sourceTree = "<group>"; };
		39D940001A9B577100B6EF10 /* UIWebView+AFNetworking.h */ = {isa = PBXFileReference; fileEncoding = 4; lastKnownFileType = sourcecode.c.h; path = "UIWebView+AFNetworking.h"; sourceTree = "<group>"; };
		39D940011A9B577100B6EF10 /* UIWebView+AFNetworking.m */ = {isa = PBXFileReference; fileEncoding = 4; lastKnownFileType = sourcecode.c.objc; path = "UIWebView+AFNetworking.m"; sourceTree = "<group>"; };
		39DB527F1AA21502006261BD /* collectArticles.h */ = {isa = PBXFileReference; fileEncoding = 4; lastKnownFileType = sourcecode.c.h; name = collectArticles.h; path = "MyProject-RSSReader/collectArticles.h"; sourceTree = "<group>"; };
		39DB52801AA21502006261BD /* collectArticles.m */ = {isa = PBXFileReference; fileEncoding = 4; lastKnownFileType = sourcecode.c.objc; name = collectArticles.m; path = "MyProject-RSSReader/collectArticles.m"; sourceTree = "<group>"; };
		8B6E4B3C473E89FF28BEFE31 /* Pods.release.xcconfig */ = {isa = PBXFileReference; includeInIndex = 1; lastKnownFileType = text.xcconfig; name = Pods.release.xcconfig; path = "Pods/Target Support Files/Pods/Pods.release.xcconfig"; sourceTree = "<group>"; };
		C925043C6113733B7F240EA2 /* libPods.a */ = {isa = PBXFileReference; explicitFileType = archive.ar; includeInIndex = 0; path = libPods.a; sourceTree = BUILT_PRODUCTS_DIR; };
		E1B1F9E3B8AD6BB43D484380 /* Pods.debug.xcconfig */ = {isa = PBXFileReference; includeInIndex = 1; lastKnownFileType = text.xcconfig; name = Pods.debug.xcconfig; path = "Pods/Target Support Files/Pods/Pods.debug.xcconfig"; sourceTree = "<group>"; };
/* End PBXFileReference section */

/* Begin PBXFrameworksBuildPhase section */
		397C3D231A98804500C5C86B /* Frameworks */ = {
			isa = PBXFrameworksBuildPhase;
			buildActionMask = 2147483647;
			files = (
				395BCA7F1AEBB8D10097A926 /* libsqlite3.dylib in Frameworks */,
				395BCA7D1AEBB8C60097A926 /* libstdc++.dylib in Frameworks */,
				395BCA7B1AEBB8AE0097A926 /* ImageIO.framework in Frameworks */,
				395BCA791AEBB89C0097A926 /* Security.framework in Frameworks */,
				395BCA771AEBB8900097A926 /* libz.1.2.5.dylib in Frameworks */,
				395BCA751AEBB8840097A926 /* libicucore.dylib in Frameworks */,
				395BCA731AEBB8780097A926 /* CoreTelephony.framework in Frameworks */,
				395BCA711AEBB86D0097A926 /* QuartzCore.framework in Frameworks */,
				395BCA6F1AEBB8620097A926 /* SystemConfiguration.framework in Frameworks */,
				395BCA641AEBB7E10097A926 /* ShareSDKCoreService.framework in Frameworks */,
				395BCA651AEBB7E10097A926 /* TencentOpenAPI.framework in Frameworks */,
				DCC73655AFD3F1E9C599E4EA /* libPods.a in Frameworks */,
				395BCA6A1AEBB7E10097A926 /* ShareSDK.framework in Frameworks */,
				395BCA5D1AEBB7E10097A926 /* QQConnection.framework in Frameworks */,
				395BCA611AEBB7E10097A926 /* AGCommon.framework in Frameworks */,
				395BCA691AEBB7E10097A926 /* libWeChatSDK.a in Frameworks */,
				395BCA671AEBB7E10097A926 /* libWeiboSDK.a in Frameworks */,
				395BCA601AEBB7E10097A926 /* WeChatConnection.framework in Frameworks */,
				395BCA5E1AEBB7E10097A926 /* QZoneConnection.framework in Frameworks */,
				395BCA5F1AEBB7E10097A926 /* SinaWeiboConnection.framework in Frameworks */,
				395BCA6D1AEBB7E10097A926 /* ShareSDKShareActionSheet.framework in Frameworks */,
				395BCA5C1AEBB7E10097A926 /* CopyConnection.framework in Frameworks */,
				395BCA6C1AEBB7E10097A926 /* ShareSDKFlatShareViewUI.framework in Frameworks */,
			);
			runOnlyForDeploymentPostprocessing = 0;
		};
		397C3D3C1A98804500C5C86B /* Frameworks */ = {
			isa = PBXFrameworksBuildPhase;
			buildActionMask = 2147483647;
			files = (
			);
			runOnlyForDeploymentPostprocessing = 0;
		};
/* End PBXFrameworksBuildPhase section */

/* Begin PBXGroup section */
		390453D21AA8762000BE8738 /* Catogories */ = {
			isa = PBXGroup;
			children = (
				390453CF1AA8761500BE8738 /* NSDictionary+JSONReturnValues.h */,
				390453D01AA8761500BE8738 /* NSDictionary+JSONReturnValues.m */,
			);
			name = Catogories;
			sourceTree = "<group>";
		};
		391F9DC01AA8080800E0A909 /* images */ = {
			isa = PBXGroup;
			children = (
				397CCB921AA4B46E009E17E3 /* bg.png */,
				397CCB931AA4B46E009E17E3 /* bg@2x.png */,
				39C6523E1AA003A4002595CF /* profile.png */,
				39C6523F1AA003A4002595CF /* profile@2x.png */,
				39C652401AA003A4002595CF /* Profile_image.png */,
				39C652411AA003A4002595CF /* Profile_image@2x.png */,
				39C652361AA00398002595CF /* gear.png */,
				39C652371AA00398002595CF /* gear@2x.png */,
				39C652381AA00398002595CF /* globe.png */,
				39C652391AA00398002595CF /* globe@2x.png */,
				39C7F1DD1AA16E2D001FC5E3 /* collect.png */,
				39C7F1DB1AA16E23001FC5E3 /* collect@2x.png */,
				39C7F1D91AA16E04001FC5E3 /* uncollect.png */,
				39C6522C1AA0037F002595CF /* burger.png */,
				39C6522D1AA0037F002595CF /* burger@2x.png */,
			);
			name = images;
			sourceTree = "<group>";
		};
		395BCA3D1AEBB7E10097A926 /* ShareSDK */ = {
			isa = PBXGroup;
			children = (
				395BCA3E1AEBB7E10097A926 /* Connection */,
				395BCA441AEBB7E10097A926 /* Core */,
				395BCA4B1AEBB7E10097A926 /* Extend */,
				395BCA571AEBB7E10097A926 /* ShareSDK.framework */,
				395BCA581AEBB7E10097A926 /* UI */,
			);
			name = ShareSDK;
			path = ../../../../Downloads/ShareSDK;
			sourceTree = "<group>";
		};
		395BCA3E1AEBB7E10097A926 /* Connection */ = {
			isa = PBXGroup;
			children = (
				395BCA3F1AEBB7E10097A926 /* CopyConnection.framework */,
				395BCA401AEBB7E10097A926 /* QQConnection.framework */,
				395BCA411AEBB7E10097A926 /* QZoneConnection.framework */,
				395BCA421AEBB7E10097A926 /* SinaWeiboConnection.framework */,
				395BCA431AEBB7E10097A926 /* WeChatConnection.framework */,
			);
			path = Connection;
			sourceTree = "<group>";
		};
		395BCA441AEBB7E10097A926 /* Core */ = {
			isa = PBXGroup;
			children = (
				395BCA451AEBB7E10097A926 /* AGCommon.framework */,
				395BCA461AEBB7E10097A926 /* ShareSDKLocalizable.strings */,
				395BCA481AEBB7E10097A926 /* Resource.bundle */,
				395BCA491AEBB7E10097A926 /* ShareSDKCoreService.framework */,
			);
			path = Core;
			sourceTree = "<group>";
		};
		395BCA4B1AEBB7E10097A926 /* Extend */ = {
			isa = PBXGroup;
			children = (
				395BCA4C1AEBB7E10097A926 /* QQConnectSDK */,
				395BCA4F1AEBB7E10097A926 /* SinaWeiboSDK */,
				395BCA531AEBB7E10097A926 /* WeChatSDK */,
			);
			path = Extend;
			sourceTree = "<group>";
		};
		395BCA4C1AEBB7E10097A926 /* QQConnectSDK */ = {
			isa = PBXGroup;
			children = (
				395BCA4D1AEBB7E10097A926 /* TencentOpenAPI.framework */,
				395BCA4E1AEBB7E10097A926 /* TencentOpenApi_IOS_Bundle.bundle */,
			);
			path = QQConnectSDK;
			sourceTree = "<group>";
		};
		395BCA4F1AEBB7E10097A926 /* SinaWeiboSDK */ = {
			isa = PBXGroup;
			children = (
				395BCA501AEBB7E10097A926 /* libWeiboSDK.a */,
				395BCA511AEBB7E10097A926 /* WeiboSDK.bundle */,
				395BCA521AEBB7E10097A926 /* WeiboSDK.h */,
			);
			path = SinaWeiboSDK;
			sourceTree = "<group>";
		};
		395BCA531AEBB7E10097A926 /* WeChatSDK */ = {
			isa = PBXGroup;
			children = (
				395BCA541AEBB7E10097A926 /* libWeChatSDK.a */,
				395BCA551AEBB7E10097A926 /* WXApi.h */,
				395BCA561AEBB7E10097A926 /* WXApiObject.h */,
			);
			path = WeChatSDK;
			sourceTree = "<group>";
		};
		395BCA581AEBB7E10097A926 /* UI */ = {
			isa = PBXGroup;
			children = (
				395BCA591AEBB7E10097A926 /* ShareSDKFlatShareViewUI.bundle */,
				395BCA5A1AEBB7E10097A926 /* ShareSDKFlatShareViewUI.framework */,
				395BCA5B1AEBB7E10097A926 /* ShareSDKShareActionSheet.framework */,
			);
			path = UI;
			sourceTree = "<group>";
		};
		397C3D1D1A98804500C5C86B = {
			isa = PBXGroup;
			children = (
				395BCA3D1AEBB7E10097A926 /* ShareSDK */,
				397C3D281A98804500C5C86B /* MyProject-RSSReader */,
				397C3D421A98804500C5C86B /* MyProject-RSSReaderTests */,
				397C3D271A98804500C5C86B /* Products */,
				D5B1172025551A501135BD10 /* Pods */,
				B8B01D695E49E3590E85D0DD /* Frameworks */,
			);
			sourceTree = "<group>";
		};
		397C3D271A98804500C5C86B /* Products */ = {
			isa = PBXGroup;
			children = (
				397C3D261A98804500C5C86B /* MyProject-RSSReader.app */,
				397C3D3F1A98804500C5C86B /* MyProject-RSSReaderTests.xctest */,
			);
			name = Products;
			sourceTree = "<group>";
		};
		397C3D281A98804500C5C86B /* MyProject-RSSReader */ = {
			isa = PBXGroup;
			children = (
				397CCB611AA4B461009E17E3 /* Weather Icons */,
				391F9DC01AA8080800E0A909 /* images */,
				39D93FF01A9B577100B6EF10 /* UIKit+AFNetworking */,
				39D93FDC1A9B577100B6EF10 /* AFNetworking */,
				390453D21AA8762000BE8738 /* Catogories */,
				39EEC4E31A9888AC00A8D452 /* Model */,
				397C3D551A98817C00C5C86B /* ViewController */,
				39D93FDA1A9B565600B6EF10 /* View */,
				397C3D291A98804500C5C86B /* Supporting Files */,
			);
			path = "MyProject-RSSReader";
			sourceTree = "<group>";
		};
		397C3D291A98804500C5C86B /* Supporting Files */ = {
			isa = PBXGroup;
			children = (
				397C3D2D1A98804500C5C86B /* AppDelegate.h */,
				397C3D2E1A98804500C5C86B /* AppDelegate.m */,
				397C3D361A98804500C5C86B /* Images.xcassets */,
				397C3D381A98804500C5C86B /* LaunchScreen.xib */,
				397C3D2A1A98804500C5C86B /* Info.plist */,
				397C3D2B1A98804500C5C86B /* main.m */,
			);
			name = "Supporting Files";
			sourceTree = "<group>";
		};
		397C3D421A98804500C5C86B /* MyProject-RSSReaderTests */ = {
			isa = PBXGroup;
			children = (
				397C3D451A98804500C5C86B /* MyProject_RSSReaderTests.m */,
				397C3D431A98804500C5C86B /* Supporting Files */,
			);
			path = "MyProject-RSSReaderTests";
			sourceTree = "<group>";
		};
		397C3D431A98804500C5C86B /* Supporting Files */ = {
			isa = PBXGroup;
			children = (
				397C3D441A98804500C5C86B /* Info.plist */,
			);
			name = "Supporting Files";
			sourceTree = "<group>";
		};
		397C3D551A98817C00C5C86B /* ViewController */ = {
			isa = PBXGroup;
			children = (
				395D3B721A9D7197005527E5 /* FeedsTableTableViewController.h */,
				395D3B731A9D7197005527E5 /* FeedsTableTableViewController.m */,
				391F9E691AA84C9500E0A909 /* SearchFeedsTableViewController.h */,
				391F9E6A1AA84C9500E0A909 /* SearchFeedsTableViewController.m */,
				397C3D521A98816E00C5C86B /* StoryTableViewController.h */,
				397C3D531A98816E00C5C86B /* StoryTableViewController.m */,
				39C7F1DF1AA18194001FC5E3 /* CollectedArticlesTableViewController.h */,
				39C7F1E01AA18194001FC5E3 /* CollectedArticlesTableViewController.m */,
				392FD3731A9C248700EA55B2 /* StoryDetailViewController.h */,
				392FD3741A9C248700EA55B2 /* StoryDetailViewController.m */,
			);
			name = ViewController;
			sourceTree = "<group>";
		};
		397CCB611AA4B461009E17E3 /* Weather Icons */ = {
			isa = PBXGroup;
			children = (
				397CCB621AA4B461009E17E3 /* weather-broken.png */,
				397CCB631AA4B461009E17E3 /* weather-broken@2x.png */,
				397CCB641AA4B461009E17E3 /* weather-clear.png */,
				397CCB651AA4B461009E17E3 /* weather-clear@2x.png */,
				397CCB661AA4B461009E17E3 /* weather-few-night.png */,
				397CCB671AA4B461009E17E3 /* weather-few-night@2x.png */,
				397CCB681AA4B461009E17E3 /* weather-few.png */,
				397CCB691AA4B461009E17E3 /* weather-few@2x.png */,
				397CCB6A1AA4B461009E17E3 /* weather-mist.png */,
				397CCB6B1AA4B461009E17E3 /* weather-mist@2x.png */,
				397CCB6C1AA4B461009E17E3 /* weather-moon.png */,
				397CCB6D1AA4B461009E17E3 /* weather-moon@2x.png */,
				397CCB6E1AA4B461009E17E3 /* weather-rain-night.png */,
				397CCB6F1AA4B461009E17E3 /* weather-rain-night@2x.png */,
				397CCB701AA4B461009E17E3 /* weather-rain.png */,
				397CCB711AA4B461009E17E3 /* weather-rain@2x.png */,
				397CCB721AA4B461009E17E3 /* weather-scattered.png */,
				397CCB731AA4B461009E17E3 /* weather-scattered@2x.png */,
				397CCB741AA4B461009E17E3 /* weather-shower.png */,
				397CCB751AA4B461009E17E3 /* weather-shower@2x.png */,
				397CCB761AA4B461009E17E3 /* weather-snow.png */,
				397CCB771AA4B461009E17E3 /* weather-snow@2x.png */,
				397CCB781AA4B461009E17E3 /* weather-tstorm.png */,
				397CCB791AA4B461009E17E3 /* weather-tstorm@2x.png */,
			);
			path = "Weather Icons";
			sourceTree = "<group>";
		};
		39D93FDA1A9B565600B6EF10 /* View */ = {
			isa = PBXGroup;
			children = (
				397C3D331A98804500C5C86B /* Main.storyboard */,
			);
			name = View;
			sourceTree = "<group>";
		};
		39D93FDC1A9B577100B6EF10 /* AFNetworking */ = {
			isa = PBXGroup;
			children = (
				39D93FDD1A9B577100B6EF10 /* AFHTTPRequestOperation.h */,
				39D93FDE1A9B577100B6EF10 /* AFHTTPRequestOperation.m */,
				39D93FDF1A9B577100B6EF10 /* AFHTTPRequestOperationManager.h */,
				39D93FE01A9B577100B6EF10 /* AFHTTPRequestOperationManager.m */,
				39D93FE11A9B577100B6EF10 /* AFHTTPSessionManager.h */,
				39D93FE21A9B577100B6EF10 /* AFHTTPSessionManager.m */,
				39D93FE31A9B577100B6EF10 /* AFNetworking.h */,
				39D93FE41A9B577100B6EF10 /* AFNetworkReachabilityManager.h */,
				39D93FE51A9B577100B6EF10 /* AFNetworkReachabilityManager.m */,
				39D93FE61A9B577100B6EF10 /* AFSecurityPolicy.h */,
				39D93FE71A9B577100B6EF10 /* AFSecurityPolicy.m */,
				39D93FE81A9B577100B6EF10 /* AFURLConnectionOperation.h */,
				39D93FE91A9B577100B6EF10 /* AFURLConnectionOperation.m */,
				39D93FEA1A9B577100B6EF10 /* AFURLRequestSerialization.h */,
				39D93FEB1A9B577100B6EF10 /* AFURLRequestSerialization.m */,
				39D93FEC1A9B577100B6EF10 /* AFURLResponseSerialization.h */,
				39D93FED1A9B577100B6EF10 /* AFURLResponseSerialization.m */,
				39D93FEE1A9B577100B6EF10 /* AFURLSessionManager.h */,
				39D93FEF1A9B577100B6EF10 /* AFURLSessionManager.m */,
			);
			path = AFNetworking;
			sourceTree = "<group>";
		};
		39D93FF01A9B577100B6EF10 /* UIKit+AFNetworking */ = {
			isa = PBXGroup;
			children = (
				39D93FF11A9B577100B6EF10 /* AFNetworkActivityIndicatorManager.h */,
				39D93FF21A9B577100B6EF10 /* AFNetworkActivityIndicatorManager.m */,
				39D93FF31A9B577100B6EF10 /* UIActivityIndicatorView+AFNetworking.h */,
				39D93FF41A9B577100B6EF10 /* UIActivityIndicatorView+AFNetworking.m */,
				39D93FF51A9B577100B6EF10 /* UIAlertView+AFNetworking.h */,
				39D93FF61A9B577100B6EF10 /* UIAlertView+AFNetworking.m */,
				39D93FF71A9B577100B6EF10 /* UIButton+AFNetworking.h */,
				39D93FF81A9B577100B6EF10 /* UIButton+AFNetworking.m */,
				39D93FF91A9B577100B6EF10 /* UIImageView+AFNetworking.h */,
				39D93FFA1A9B577100B6EF10 /* UIImageView+AFNetworking.m */,
				39D93FFB1A9B577100B6EF10 /* UIKit+AFNetworking.h */,
				39D93FFC1A9B577100B6EF10 /* UIProgressView+AFNetworking.h */,
				39D93FFD1A9B577100B6EF10 /* UIProgressView+AFNetworking.m */,
				39D93FFE1A9B577100B6EF10 /* UIRefreshControl+AFNetworking.h */,
				39D93FFF1A9B577100B6EF10 /* UIRefreshControl+AFNetworking.m */,
				39D940001A9B577100B6EF10 /* UIWebView+AFNetworking.h */,
				39D940011A9B577100B6EF10 /* UIWebView+AFNetworking.m */,
			);
			path = "UIKit+AFNetworking";
			sourceTree = "<group>";
		};
		39EEC4E31A9888AC00A8D452 /* Model */ = {
			isa = PBXGroup;
			children = (
				39DB527F1AA21502006261BD /* collectArticles.h */,
				39DB52801AA21502006261BD /* collectArticles.m */,
			);
			name = Model;
			path = ..;
			sourceTree = "<group>";
		};
		B8B01D695E49E3590E85D0DD /* Frameworks */ = {
			isa = PBXGroup;
			children = (
				395BCA7E1AEBB8D10097A926 /* libsqlite3.dylib */,
				395BCA7C1AEBB8C60097A926 /* libstdc++.dylib */,
				395BCA7A1AEBB8AE0097A926 /* ImageIO.framework */,
				395BCA781AEBB89C0097A926 /* Security.framework */,
				395BCA761AEBB8900097A926 /* libz.1.2.5.dylib */,
				395BCA741AEBB8840097A926 /* libicucore.dylib */,
				395BCA721AEBB8780097A926 /* CoreTelephony.framework */,
				395BCA701AEBB86D0097A926 /* QuartzCore.framework */,
				395BCA6E1AEBB8620097A926 /* SystemConfiguration.framework */,
				C925043C6113733B7F240EA2 /* libPods.a */,
			);
			name = Frameworks;
			sourceTree = "<group>";
		};
		D5B1172025551A501135BD10 /* Pods */ = {
			isa = PBXGroup;
			children = (
				E1B1F9E3B8AD6BB43D484380 /* Pods.debug.xcconfig */,
				8B6E4B3C473E89FF28BEFE31 /* Pods.release.xcconfig */,
			);
			name = Pods;
			sourceTree = "<group>";
		};
/* End PBXGroup section */

/* Begin PBXNativeTarget section */
		397C3D251A98804500C5C86B /* MyProject-RSSReader */ = {
			isa = PBXNativeTarget;
			buildConfigurationList = 397C3D491A98804500C5C86B /* Build configuration list for PBXNativeTarget "MyProject-RSSReader" */;
			buildPhases = (
				644BA0D5FAD26433C9DF3EE7 /* Check Pods Manifest.lock */,
				397C3D221A98804500C5C86B /* Sources */,
				397C3D231A98804500C5C86B /* Frameworks */,
				397C3D241A98804500C5C86B /* Resources */,
				06ABD2F44073E5EDF7649AF9 /* Copy Pods Resources */,
			);
			buildRules = (
			);
			dependencies = (
			);
			name = "MyProject-RSSReader";
			productName = "MyProject-RSSReader";
			productReference = 397C3D261A98804500C5C86B /* MyProject-RSSReader.app */;
			productType = "com.apple.product-type.application";
		};
		397C3D3E1A98804500C5C86B /* MyProject-RSSReaderTests */ = {
			isa = PBXNativeTarget;
			buildConfigurationList = 397C3D4C1A98804500C5C86B /* Build configuration list for PBXNativeTarget "MyProject-RSSReaderTests" */;
			buildPhases = (
				397C3D3B1A98804500C5C86B /* Sources */,
				397C3D3C1A98804500C5C86B /* Frameworks */,
				397C3D3D1A98804500C5C86B /* Resources */,
			);
			buildRules = (
			);
			dependencies = (
				397C3D411A98804500C5C86B /* PBXTargetDependency */,
			);
			name = "MyProject-RSSReaderTests";
			productName = "MyProject-RSSReaderTests";
			productReference = 397C3D3F1A98804500C5C86B /* MyProject-RSSReaderTests.xctest */;
			productType = "com.apple.product-type.bundle.unit-test";
		};
/* End PBXNativeTarget section */

/* Begin PBXProject section */
		397C3D1E1A98804500C5C86B /* Project object */ = {
			isa = PBXProject;
			attributes = {
				LastUpgradeCheck = 0610;
				ORGANIZATIONNAME = Caesar;
				TargetAttributes = {
					397C3D251A98804500C5C86B = {
						CreatedOnToolsVersion = 6.1.1;
					};
					397C3D3E1A98804500C5C86B = {
						CreatedOnToolsVersion = 6.1.1;
					};
				};
			};
			buildConfigurationList = 397C3D211A98804500C5C86B /* Build configuration list for PBXProject "MyProject-RSSReader" */;
			compatibilityVersion = "Xcode 3.2";
			developmentRegion = English;
			hasScannedForEncodings = 0;
			knownRegions = (
				en,
				Base,
				"zh-Hans",
			);
			mainGroup = 397C3D1D1A98804500C5C86B;
			productRefGroup = 397C3D271A98804500C5C86B /* Products */;
			projectDirPath = "";
			projectRoot = "";
			targets = (
				397C3D251A98804500C5C86B /* MyProject-RSSReader */,
				397C3D3E1A98804500C5C86B /* MyProject-RSSReaderTests */,
			);
		};
/* End PBXProject section */

/* Begin PBXResourcesBuildPhase section */
		397C3D241A98804500C5C86B /* Resources */ = {
			isa = PBXResourcesBuildPhase;
			buildActionMask = 2147483647;
			files = (
				39C652421AA003A4002595CF /* profile.png in Resources */,
				397CCB7A1AA4B461009E17E3 /* weather-broken.png in Resources */,
				397CCB821AA4B461009E17E3 /* weather-mist.png in Resources */,
				397CCB951AA4B46E009E17E3 /* bg@2x.png in Resources */,
				39C652431AA003A4002595CF /* profile@2x.png in Resources */,
				39C652441AA003A4002595CF /* Profile_image.png in Resources */,
				39C652451AA003A4002595CF /* Profile_image@2x.png in Resources */,
				397CCB941AA4B46E009E17E3 /* bg.png in Resources */,
				39C7F1DE1AA16E2D001FC5E3 /* collect.png in Resources */,
				397CCB901AA4B461009E17E3 /* weather-tstorm.png in Resources */,
				397CCB881AA4B461009E17E3 /* weather-rain.png in Resources */,
				397CCB811AA4B461009E17E3 /* weather-few@2x.png in Resources */,
				39C6523C1AA00398002595CF /* globe.png in Resources */,
				395BCA681AEBB7E10097A926 /* WeiboSDK.bundle in Resources */,
				397CCB8F1AA4B461009E17E3 /* weather-snow@2x.png in Resources */,
				397CCB8E1AA4B461009E17E3 /* weather-snow.png in Resources */,
				39C652311AA0037F002595CF /* burger.png in Resources */,
				397CCB871AA4B461009E17E3 /* weather-rain-night@2x.png in Resources */,
				39C7F1DC1AA16E23001FC5E3 /* collect@2x.png in Resources */,
				397CCB8B1AA4B461009E17E3 /* weather-scattered@2x.png in Resources */,
				397CCB7D1AA4B461009E17E3 /* weather-clear@2x.png in Resources */,
				397CCB8D1AA4B461009E17E3 /* weather-shower@2x.png in Resources */,
				39C6523A1AA00398002595CF /* gear.png in Resources */,
				39C6523B1AA00398002595CF /* gear@2x.png in Resources */,
				395BCA631AEBB7E10097A926 /* Resource.bundle in Resources */,
				397CCB861AA4B461009E17E3 /* weather-rain-night.png in Resources */,
				397CCB8C1AA4B461009E17E3 /* weather-shower.png in Resources */,
				397CCB831AA4B461009E17E3 /* weather-mist@2x.png in Resources */,
				395BCA621AEBB7E10097A926 /* ShareSDKLocalizable.strings in Resources */,
				39C7F1DA1AA16E04001FC5E3 /* uncollect.png in Resources */,
				397CCB7E1AA4B461009E17E3 /* weather-few-night.png in Resources */,
				39C652321AA0037F002595CF /* burger@2x.png in Resources */,
				39C6523D1AA00398002595CF /* globe@2x.png in Resources */,
				397CCB841AA4B461009E17E3 /* weather-moon.png in Resources */,
				395BCA661AEBB7E10097A926 /* TencentOpenApi_IOS_Bundle.bundle in Resources */,
				397CCB891AA4B461009E17E3 /* weather-rain@2x.png in Resources */,
				397CCB7B1AA4B461009E17E3 /* weather-broken@2x.png in Resources */,
				397CCB7F1AA4B461009E17E3 /* weather-few-night@2x.png in Resources */,
				397CCB911AA4B461009E17E3 /* weather-tstorm@2x.png in Resources */,
				397C3D351A98804500C5C86B /* Main.storyboard in Resources */,
				395BCA6B1AEBB7E10097A926 /* ShareSDKFlatShareViewUI.bundle in Resources */,
				397C3D3A1A98804500C5C86B /* LaunchScreen.xib in Resources */,
				397CCB7C1AA4B461009E17E3 /* weather-clear.png in Resources */,
				397CCB8A1AA4B461009E17E3 /* weather-scattered.png in Resources */,
				397CCB801AA4B461009E17E3 /* weather-few.png in Resources */,
				397CCB851AA4B461009E17E3 /* weather-moon@2x.png in Resources */,
				397C3D371A98804500C5C86B /* Images.xcassets in Resources */,
			);
			runOnlyForDeploymentPostprocessing = 0;
		};
		397C3D3D1A98804500C5C86B /* Resources */ = {
			isa = PBXResourcesBuildPhase;
			buildActionMask = 2147483647;
			files = (
			);
			runOnlyForDeploymentPostprocessing = 0;
		};
/* End PBXResourcesBuildPhase section */

/* Begin PBXShellScriptBuildPhase section */
		06ABD2F44073E5EDF7649AF9 /* Copy Pods Resources */ = {
			isa = PBXShellScriptBuildPhase;
			buildActionMask = 2147483647;
			files = (
			);
			inputPaths = (
			);
			name = "Copy Pods Resources";
			outputPaths = (
			);
			runOnlyForDeploymentPostprocessing = 0;
			shellPath = /bin/sh;
			shellScript = "\"${SRCROOT}/Pods/Target Support Files/Pods/Pods-resources.sh\"\n";
			showEnvVarsInLog = 0;
		};
		644BA0D5FAD26433C9DF3EE7 /* Check Pods Manifest.lock */ = {
			isa = PBXShellScriptBuildPhase;
			buildActionMask = 2147483647;
			files = (
			);
			inputPaths = (
			);
			name = "Check Pods Manifest.lock";
			outputPaths = (
			);
			runOnlyForDeploymentPostprocessing = 0;
			shellPath = /bin/sh;
			shellScript = "diff \"${PODS_ROOT}/../Podfile.lock\" \"${PODS_ROOT}/Manifest.lock\" > /dev/null\nif [[ $? != 0 ]] ; then\n    cat << EOM\nerror: The sandbox is not in sync with the Podfile.lock. Run 'pod install' or update your CocoaPods installation.\nEOM\n    exit 1\nfi\n";
			showEnvVarsInLog = 0;
		};
/* End PBXShellScriptBuildPhase section */

/* Begin PBXSourcesBuildPhase section */
		397C3D221A98804500C5C86B /* Sources */ = {
			isa = PBXSourcesBuildPhase;
			buildActionMask = 2147483647;
			files = (
				39D940101A9B577100B6EF10 /* UIProgressView+AFNetworking.m in Sources */,
				39D9400E1A9B577100B6EF10 /* UIButton+AFNetworking.m in Sources */,
				39D940111A9B577100B6EF10 /* UIRefreshControl+AFNetworking.m in Sources */,
				390453D11AA8761500BE8738 /* NSDictionary+JSONReturnValues.m in Sources */,
				39D9400D1A9B577100B6EF10 /* UIAlertView+AFNetworking.m in Sources */,
				392FD3751A9C248700EA55B2 /* StoryDetailViewController.m in Sources */,
				397C3D2F1A98804500C5C86B /* AppDelegate.m in Sources */,
				39D940061A9B577100B6EF10 /* AFSecurityPolicy.m in Sources */,
				397C3D541A98816E00C5C86B /* StoryTableViewController.m in Sources */,
				39D940031A9B577100B6EF10 /* AFHTTPRequestOperationManager.m in Sources */,
				39DB52811AA21502006261BD /* collectArticles.m in Sources */,
				39D940071A9B577100B6EF10 /* AFURLConnectionOperation.m in Sources */,
				39D9400F1A9B577100B6EF10 /* UIImageView+AFNetworking.m in Sources */,
				39D940021A9B577100B6EF10 /* AFHTTPRequestOperation.m in Sources */,
				39D9400C1A9B577100B6EF10 /* UIActivityIndicatorView+AFNetworking.m in Sources */,
				39D940081A9B577100B6EF10 /* AFURLRequestSerialization.m in Sources */,
				391F9E6B1AA84C9500E0A909 /* SearchFeedsTableViewController.m in Sources */,
				395D3B741A9D7197005527E5 /* FeedsTableTableViewController.m in Sources */,
				39D940041A9B577100B6EF10 /* AFHTTPSessionManager.m in Sources */,
				39D940051A9B577100B6EF10 /* AFNetworkReachabilityManager.m in Sources */,
				39D940091A9B577100B6EF10 /* AFURLResponseSerialization.m in Sources */,
				39D940121A9B577100B6EF10 /* UIWebView+AFNetworking.m in Sources */,
				39D9400A1A9B577100B6EF10 /* AFURLSessionManager.m in Sources */,
				39C7F1E11AA18194001FC5E3 /* CollectedArticlesTableViewController.m in Sources */,
				39D9400B1A9B577100B6EF10 /* AFNetworkActivityIndicatorManager.m in Sources */,
				397C3D2C1A98804500C5C86B /* main.m in Sources */,
			);
			runOnlyForDeploymentPostprocessing = 0;
		};
		397C3D3B1A98804500C5C86B /* Sources */ = {
			isa = PBXSourcesBuildPhase;
			buildActionMask = 2147483647;
			files = (
				397C3D461A98804500C5C86B /* MyProject_RSSReaderTests.m in Sources */,
			);
			runOnlyForDeploymentPostprocessing = 0;
		};
/* End PBXSourcesBuildPhase section */

/* Begin PBXTargetDependency section */
		397C3D411A98804500C5C86B /* PBXTargetDependency */ = {
			isa = PBXTargetDependency;
			target = 397C3D251A98804500C5C86B /* MyProject-RSSReader */;
			targetProxy = 397C3D401A98804500C5C86B /* PBXContainerItemProxy */;
		};
/* End PBXTargetDependency section */

/* Begin PBXVariantGroup section */
		395BCA461AEBB7E10097A926 /* ShareSDKLocalizable.strings */ = {
			isa = PBXVariantGroup;
			children = (
				395BCA471AEBB7E10097A926 /* en */,
				395BCA4A1AEBB7E10097A926 /* zh-Hans */,
			);
			name = ShareSDKLocalizable.strings;
			sourceTree = "<group>";
		};
		397C3D331A98804500C5C86B /* Main.storyboard */ = {
			isa = PBXVariantGroup;
			children = (
				397C3D341A98804500C5C86B /* Base */,
			);
			name = Main.storyboard;
			sourceTree = "<group>";
		};
		397C3D381A98804500C5C86B /* LaunchScreen.xib */ = {
			isa = PBXVariantGroup;
			children = (
				397C3D391A98804500C5C86B /* Base */,
			);
			name = LaunchScreen.xib;
			sourceTree = "<group>";
		};
/* End PBXVariantGroup section */

/* Begin XCBuildConfiguration section */
		397C3D471A98804500C5C86B /* Debug */ = {
			isa = XCBuildConfiguration;
			buildSettings = {
				ALWAYS_SEARCH_USER_PATHS = NO;
				CLANG_CXX_LANGUAGE_STANDARD = "gnu++0x";
				CLANG_CXX_LIBRARY = "libc++";
				CLANG_ENABLE_MODULES = YES;
				CLANG_ENABLE_OBJC_ARC = YES;
				CLANG_WARN_BOOL_CONVERSION = YES;
				CLANG_WARN_CONSTANT_CONVERSION = YES;
				CLANG_WARN_DIRECT_OBJC_ISA_USAGE = YES_ERROR;
				CLANG_WARN_EMPTY_BODY = YES;
				CLANG_WARN_ENUM_CONVERSION = YES;
				CLANG_WARN_INT_CONVERSION = YES;
				CLANG_WARN_OBJC_ROOT_CLASS = YES_ERROR;
				CLANG_WARN_UNREACHABLE_CODE = YES;
				CLANG_WARN__DUPLICATE_METHOD_MATCH = YES;
				"CODE_SIGN_IDENTITY[sdk=iphoneos*]" = "iPhone Developer";
				COPY_PHASE_STRIP = NO;
				ENABLE_STRICT_OBJC_MSGSEND = YES;
				GCC_C_LANGUAGE_STANDARD = gnu99;
				GCC_DYNAMIC_NO_PIC = NO;
				GCC_OPTIMIZATION_LEVEL = 0;
				GCC_PREPROCESSOR_DEFINITIONS = (
					"DEBUG=1",
					"$(inherited)",
				);
				GCC_SYMBOLS_PRIVATE_EXTERN = NO;
				GCC_WARN_64_TO_32_BIT_CONVERSION = YES;
				GCC_WARN_ABOUT_RETURN_TYPE = YES_ERROR;
				GCC_WARN_UNDECLARED_SELECTOR = YES;
				GCC_WARN_UNINITIALIZED_AUTOS = YES_AGGRESSIVE;
				GCC_WARN_UNUSED_FUNCTION = YES;
				GCC_WARN_UNUSED_VARIABLE = YES;
				IPHONEOS_DEPLOYMENT_TARGET = 8.1;
				MTL_ENABLE_DEBUG_INFO = YES;
				ONLY_ACTIVE_ARCH = YES;
				SDKROOT = iphoneos;
			};
			name = Debug;
		};
		397C3D481A98804500C5C86B /* Release */ = {
			isa = XCBuildConfiguration;
			buildSettings = {
				ALWAYS_SEARCH_USER_PATHS = NO;
				CLANG_CXX_LANGUAGE_STANDARD = "gnu++0x";
				CLANG_CXX_LIBRARY = "libc++";
				CLANG_ENABLE_MODULES = YES;
				CLANG_ENABLE_OBJC_ARC = YES;
				CLANG_WARN_BOOL_CONVERSION = YES;
				CLANG_WARN_CONSTANT_CONVERSION = YES;
				CLANG_WARN_DIRECT_OBJC_ISA_USAGE = YES_ERROR;
				CLANG_WARN_EMPTY_BODY = YES;
				CLANG_WARN_ENUM_CONVERSION = YES;
				CLANG_WARN_INT_CONVERSION = YES;
				CLANG_WARN_OBJC_ROOT_CLASS = YES_ERROR;
				CLANG_WARN_UNREACHABLE_CODE = YES;
				CLANG_WARN__DUPLICATE_METHOD_MATCH = YES;
				"CODE_SIGN_IDENTITY[sdk=iphoneos*]" = "iPhone Developer";
				COPY_PHASE_STRIP = YES;
				ENABLE_NS_ASSERTIONS = NO;
				ENABLE_STRICT_OBJC_MSGSEND = YES;
				GCC_C_LANGUAGE_STANDARD = gnu99;
				GCC_WARN_64_TO_32_BIT_CONVERSION = YES;
				GCC_WARN_ABOUT_RETURN_TYPE = YES_ERROR;
				GCC_WARN_UNDECLARED_SELECTOR = YES;
				GCC_WARN_UNINITIALIZED_AUTOS = YES_AGGRESSIVE;
				GCC_WARN_UNUSED_FUNCTION = YES;
				GCC_WARN_UNUSED_VARIABLE = YES;
				IPHONEOS_DEPLOYMENT_TARGET = 8.1;
				MTL_ENABLE_DEBUG_INFO = NO;
				SDKROOT = iphoneos;
				VALIDATE_PRODUCT = YES;
			};
			name = Release;
		};
		397C3D4A1A98804500C5C86B /* Debug */ = {
			isa = XCBuildConfiguration;
			baseConfigurationReference = E1B1F9E3B8AD6BB43D484380 /* Pods.debug.xcconfig */;
			buildSettings = {
				ASSETCATALOG_COMPILER_APPICON_NAME = AppIcon;
				FRAMEWORK_SEARCH_PATHS = (
					"$(inherited)",
					"$(DEVELOPER_DIR)/Platforms/iPhoneOS.platform/Developer/SDKs/iPhoneOS7.1.sdk/System/Library/Frameworks",
					/Users/Caesar/Downloads/ShareSDK/Connection,
					/Users/Caesar/Downloads/ShareSDK/Core,
					/Users/Caesar/Downloads/ShareSDK/Extend/QQConnectSDK,
					/Users/Caesar/Downloads/ShareSDK,
					/Users/Caesar/Downloads/ShareSDK/UI,
				);
				INFOPLIST_FILE = "MyProject-RSSReader/Info.plist";
				LD_RUNPATH_SEARCH_PATHS = "$(inherited) @executable_path/Frameworks";
				LIBRARY_SEARCH_PATHS = (
					"$(inherited)",
					/Users/Caesar/Downloads/ShareSDK/Extend/SinaWeiboSDK,
					/Users/Caesar/Downloads/ShareSDK/Extend/WeChatSDK,
				);
				ONLY_ACTIVE_ARCH = YES;
				PRODUCT_NAME = "$(TARGET_NAME)";
			};
			name = Debug;
		};
		397C3D4B1A98804500C5C86B /* Release */ = {
			isa = XCBuildConfiguration;
			baseConfigurationReference = 8B6E4B3C473E89FF28BEFE31 /* Pods.release.xcconfig */;
			buildSettings = {
				ASSETCATALOG_COMPILER_APPICON_NAME = AppIcon;
				FRAMEWORK_SEARCH_PATHS = (
					"$(inherited)",
					"$(DEVELOPER_DIR)/Platforms/iPhoneOS.platform/Developer/SDKs/iPhoneOS7.1.sdk/System/Library/Frameworks",
					/Users/Caesar/Downloads/ShareSDK/Connection,
					/Users/Caesar/Downloads/ShareSDK/Core,
					/Users/Caesar/Downloads/ShareSDK/Extend/QQConnectSDK,
					/Users/Caesar/Downloads/ShareSDK,
					/Users/Caesar/Downloads/ShareSDK/UI,
				);
				INFOPLIST_FILE = "MyProject-RSSReader/Info.plist";
				LD_RUNPATH_SEARCH_PATHS = "$(inherited) @executable_path/Frameworks";
				LIBRARY_SEARCH_PATHS = (
					"$(inherited)",
					/Users/Caesar/Downloads/ShareSDK/Extend/SinaWeiboSDK,
					/Users/Caesar/Downloads/ShareSDK/Extend/WeChatSDK,
				);
				ONLY_ACTIVE_ARCH = YES;
				PRODUCT_NAME = "$(TARGET_NAME)";
			};
			name = Release;
		};
		397C3D4D1A98804500C5C86B /* Debug */ = {
			isa = XCBuildConfiguration;
			buildSettings = {
				FRAMEWORK_SEARCH_PATHS = (
					"$(SDKROOT)/Developer/Library/Frameworks",
					"$(inherited)",
				);
				GCC_PREPROCESSOR_DEFINITIONS = (
					"DEBUG=1",
					"$(inherited)",
				);
				INFOPLIST_FILE = "MyProject-RSSReaderTests/Info.plist";
				LD_RUNPATH_SEARCH_PATHS = "$(inherited) @executable_path/Frameworks @loader_path/Frameworks";
				PRODUCT_NAME = "$(TARGET_NAME)";
			};
			name = Debug;
		};
		397C3D4E1A98804500C5C86B /* Release */ = {
			isa = XCBuildConfiguration;
			buildSettings = {
				FRAMEWORK_SEARCH_PATHS = (
					"$(SDKROOT)/Developer/Library/Frameworks",
					"$(inherited)",
				);
				INFOPLIST_FILE = "MyProject-RSSReaderTests/Info.plist";
				LD_RUNPATH_SEARCH_PATHS = "$(inherited) @executable_path/Frameworks @loader_path/Frameworks";
				PRODUCT_NAME = "$(TARGET_NAME)";
			};
			name = Release;
		};
/* End XCBuildConfiguration section */

/* Begin XCConfigurationList section */
		397C3D211A98804500C5C86B /* Build configuration list for PBXProject "MyProject-RSSReader" */ = {
			isa = XCConfigurationList;
			buildConfigurations = (
				397C3D471A98804500C5C86B /* Debug */,
				397C3D481A98804500C5C86B /* Release */,
			);
			defaultConfigurationIsVisible = 0;
			defaultConfigurationName = Release;
		};
		397C3D491A98804500C5C86B /* Build configuration list for PBXNativeTarget "MyProject-RSSReader" */ = {
			isa = XCConfigurationList;
			buildConfigurations = (
				397C3D4A1A98804500C5C86B /* Debug */,
				397C3D4B1A98804500C5C86B /* Release */,
			);
			defaultConfigurationIsVisible = 0;
			defaultConfigurationName = Release;
		};
		397C3D4C1A98804500C5C86B /* Build configuration list for PBXNativeTarget "MyProject-RSSReaderTests" */ = {
			isa = XCConfigurationList;
			buildConfigurations = (
				397C3D4D1A98804500C5C86B /* Debug */,
				397C3D4E1A98804500C5C86B /* Release */,
			);
			defaultConfigurationIsVisible = 0;
			defaultConfigurationName = Release;
		};
/* End XCConfigurationList section */
	};
	rootObject = 397C3D1E1A98804500C5C86B /* Project object */;
}
